
Microsoft Visual Studio Solution File, Format Version 12.00
# Visual Studio Version 17
VisualStudioVersion = 17.1.32328.378
MinimumVisualStudioVersion = 10.0.40219.1
Project("{8BC9CEB8-8B4A-11D0-8D11-00A0C91BC942}") = "homework5-1", "homework5-1\homework5-1.vcxproj", "{3D775885-67E2-476C-ADA4-BA1D633EF816}"
EndProject
Global
	GlobalSection(SolutionConfigurationPlatforms) = preSolution
		Debug|x64 = Debug|x64
		Debug|x86 = Debug|x86
		Release|x64 = Release|x64
		Release|x86 = Release|x86
	EndGlobalSection
	GlobalSection(ProjectConfigurationPlatforms) = postSolution
		{3D775885-67E2-476C-ADA4-BA1D633EF816}.Debug|x64.ActiveCfg = Debug|x64
		{3D775885-67E2-476C-ADA4-BA1D633EF816}.Debug|x64.Build.0 = Debug|x64
		{3D775885-67E2-476C-ADA4-BA1D633EF816}.Debug|x86.ActiveCfg = Debug|Win32
		{3D775885-67E2-476C-ADA4-BA1D633EF816}.Debug|x86.Build.0 = Debug|Win32
		{3D775885-67E2-476C-ADA4-BA1D633EF816}.Release|x64.ActiveCfg = Release|x64
		{3D775885-67E2-476C-ADA4-BA1D633EF816}.Release|x64.Build.0 = Release|x64
		{3D775885-67E2-476C-ADA4-BA1D633EF816}.Release|x86.ActiveCfg = Release|Win32
		{3D775885-67E2-476C-ADA4-BA1D633EF816}.Release|x86.Build.0 = Release|Win32
	EndGlobalSection
	GlobalSection(SolutionProperties) = preSolution
		HideSolutionNode = FALSE
	EndGlobalSection
	GlobalSection(ExtensibilityGlobals) = postSolution
		SolutionGuid = {B53CD8F5-7129-4787-B781-6D60661755A8}
	EndGlobalSection
EndGlobal
